// !$*UTF8*$!
{
	archiveVersion = 1;
	classes = {
	};
	objectVersion = 51;
	objects = {

/* Begin PBXBuildFile section */
		934C7F5D9FEE912D705C1EE8 /* Pods_example_tv_shows_example_tv_showsUITests.framework in Frameworks */ = {isa = PBXBuildFile; fileRef = 0D0A01D1562CD13AAEAE20E4 /* Pods_example_tv_shows_example_tv_showsUITests.framework */; };
		A96CF692DF634DE8FB11A9B1 /* Pods_example_tv_shows.framework in Frameworks */ = {isa = PBXBuildFile; fileRef = 5D259E6CE6B3BB9AC00FFCD5 /* Pods_example_tv_shows.framework */; };
		E000D07F2466FB7400DD6173 /* AppDelegate.swift in Sources */ = {isa = PBXBuildFile; fileRef = E000D07E2466FB7400DD6173 /* AppDelegate.swift */; };
		E000D0862466FB7400DD6173 /* Main.storyboard in Resources */ = {isa = PBXBuildFile; fileRef = E000D0842466FB7400DD6173 /* Main.storyboard */; };
		E000D0882466FB7500DD6173 /* Assets.xcassets in Resources */ = {isa = PBXBuildFile; fileRef = E000D0872466FB7500DD6173 /* Assets.xcassets */; };
		E000D08B2466FB7500DD6173 /* LaunchScreen.storyboard in Resources */ = {isa = PBXBuildFile; fileRef = E000D0892466FB7500DD6173 /* LaunchScreen.storyboard */; };
		E000D0962466FB7500DD6173 /* example_tv_showsTests.swift in Sources */ = {isa = PBXBuildFile; fileRef = E000D0952466FB7500DD6173 /* example_tv_showsTests.swift */; };
		E000D0A12466FB7500DD6173 /* example_tv_showsUITests.swift in Sources */ = {isa = PBXBuildFile; fileRef = E000D0A02466FB7500DD6173 /* example_tv_showsUITests.swift */; };
		E000D0B224671A8000DD6173 /* TvShowsListViewController.swift in Sources */ = {isa = PBXBuildFile; fileRef = E000D0B124671A8000DD6173 /* TvShowsListViewController.swift */; };
		E000D0B424671AC300DD6173 /* TvShowsListPresenter.swift in Sources */ = {isa = PBXBuildFile; fileRef = E000D0B324671AC300DD6173 /* TvShowsListPresenter.swift */; };
		E000D0BA2467302100DD6173 /* TvShowsListProtocols.swift in Sources */ = {isa = PBXBuildFile; fileRef = E000D0B92467302100DD6173 /* TvShowsListProtocols.swift */; };
		E000D0C1246764E600DD6173 /* TvShowsListRemoteDataManager.swift in Sources */ = {isa = PBXBuildFile; fileRef = E000D0C0246764E600DD6173 /* TvShowsListRemoteDataManager.swift */; };
		E000D0C32467672400DD6173 /* Endpoints.swift in Sources */ = {isa = PBXBuildFile; fileRef = E000D0C22467672400DD6173 /* Endpoints.swift */; };
		E000D0C524676DB700DD6173 /* TvShow.swift in Sources */ = {isa = PBXBuildFile; fileRef = E000D0C424676DB700DD6173 /* TvShow.swift */; };
		E000D0C7246770B000DD6173 /* TvShowsResponse.swift in Sources */ = {isa = PBXBuildFile; fileRef = E000D0C6246770B000DD6173 /* TvShowsResponse.swift */; };
		E000D0C92467758600DD6173 /* TvShowsListWireFrame.swift in Sources */ = {isa = PBXBuildFile; fileRef = E000D0C82467758600DD6173 /* TvShowsListWireFrame.swift */; };
		E000D0CB246783C800DD6173 /* BundleExtension.swift in Sources */ = {isa = PBXBuildFile; fileRef = E000D0CA246783C800DD6173 /* BundleExtension.swift */; };
		E5E21B1EC30259679D25535B /* Pods_example_tv_showsTests.framework in Frameworks */ = {isa = PBXBuildFile; fileRef = 35F3B8B784B34E940E78285F /* Pods_example_tv_showsTests.framework */; };
/* End PBXBuildFile section */

/* Begin PBXContainerItemProxy section */
		E000D0922466FB7500DD6173 /* PBXContainerItemProxy */ = {
			isa = PBXContainerItemProxy;
			containerPortal = E000D0732466FB7400DD6173 /* Project object */;
			proxyType = 1;
			remoteGlobalIDString = E000D07A2466FB7400DD6173;
			remoteInfo = example_tv_shows;
		};
		E000D09D2466FB7500DD6173 /* PBXContainerItemProxy */ = {
			isa = PBXContainerItemProxy;
			containerPortal = E000D0732466FB7400DD6173 /* Project object */;
			proxyType = 1;
			remoteGlobalIDString = E000D07A2466FB7400DD6173;
			remoteInfo = example_tv_shows;
		};
/* End PBXContainerItemProxy section */

/* Begin PBXFileReference section */
		0D0A01D1562CD13AAEAE20E4 /* Pods_example_tv_shows_example_tv_showsUITests.framework */ = {isa = PBXFileReference; explicitFileType = wrapper.framework; includeInIndex = 0; path = Pods_example_tv_shows_example_tv_showsUITests.framework; sourceTree = BUILT_PRODUCTS_DIR; };
		35F3B8B784B34E940E78285F /* Pods_example_tv_showsTests.framework */ = {isa = PBXFileReference; explicitFileType = wrapper.framework; includeInIndex = 0; path = Pods_example_tv_showsTests.framework; sourceTree = BUILT_PRODUCTS_DIR; };
		481D2E2422826F45B33F5593 /* Pods-example_tv_shows.debug.xcconfig */ = {isa = PBXFileReference; includeInIndex = 1; lastKnownFileType = text.xcconfig; name = "Pods-example_tv_shows.debug.xcconfig"; path = "Target Support Files/Pods-example_tv_shows/Pods-example_tv_shows.debug.xcconfig"; sourceTree = "<group>"; };
		51A11338F8C33DB6AFA7BEE0 /* Pods-example_tv_shows-example_tv_showsUITests.debug.xcconfig */ = {isa = PBXFileReference; includeInIndex = 1; lastKnownFileType = text.xcconfig; name = "Pods-example_tv_shows-example_tv_showsUITests.debug.xcconfig"; path = "Target Support Files/Pods-example_tv_shows-example_tv_showsUITests/Pods-example_tv_shows-example_tv_showsUITests.debug.xcconfig"; sourceTree = "<group>"; };
		5D259E6CE6B3BB9AC00FFCD5 /* Pods_example_tv_shows.framework */ = {isa = PBXFileReference; explicitFileType = wrapper.framework; includeInIndex = 0; path = Pods_example_tv_shows.framework; sourceTree = BUILT_PRODUCTS_DIR; };
		AAC2E6E4C1987A49F7513450 /* Pods-example_tv_showsTests.release.xcconfig */ = {isa = PBXFileReference; includeInIndex = 1; lastKnownFileType = text.xcconfig; name = "Pods-example_tv_showsTests.release.xcconfig"; path = "Target Support Files/Pods-example_tv_showsTests/Pods-example_tv_showsTests.release.xcconfig"; sourceTree = "<group>"; };
		B084C792A1C7D1B3CA237172 /* Pods-example_tv_shows-example_tv_showsUITests.release.xcconfig */ = {isa = PBXFileReference; includeInIndex = 1; lastKnownFileType = text.xcconfig; name = "Pods-example_tv_shows-example_tv_showsUITests.release.xcconfig"; path = "Target Support Files/Pods-example_tv_shows-example_tv_showsUITests/Pods-example_tv_shows-example_tv_showsUITests.release.xcconfig"; sourceTree = "<group>"; };
		B6D4A25B6B2C4E9F1DDED8BC /* Pods-example_tv_shows.release.xcconfig */ = {isa = PBXFileReference; includeInIndex = 1; lastKnownFileType = text.xcconfig; name = "Pods-example_tv_shows.release.xcconfig"; path = "Target Support Files/Pods-example_tv_shows/Pods-example_tv_shows.release.xcconfig"; sourceTree = "<group>"; };
		DFFFC889E93B6F45DE0839CD /* Pods-example_tv_showsTests.debug.xcconfig */ = {isa = PBXFileReference; includeInIndex = 1; lastKnownFileType = text.xcconfig; name = "Pods-example_tv_showsTests.debug.xcconfig"; path = "Target Support Files/Pods-example_tv_showsTests/Pods-example_tv_showsTests.debug.xcconfig"; sourceTree = "<group>"; };
		E000D07B2466FB7400DD6173 /* example_tv_shows.app */ = {isa = PBXFileReference; explicitFileType = wrapper.application; includeInIndex = 0; path = example_tv_shows.app; sourceTree = BUILT_PRODUCTS_DIR; };
		E000D07E2466FB7400DD6173 /* AppDelegate.swift */ = {isa = PBXFileReference; lastKnownFileType = sourcecode.swift; path = AppDelegate.swift; sourceTree = "<group>"; };
		E000D0852466FB7400DD6173 /* Base */ = {isa = PBXFileReference; lastKnownFileType = file.storyboard; name = Base; path = Base.lproj/Main.storyboard; sourceTree = "<group>"; };
		E000D0872466FB7500DD6173 /* Assets.xcassets */ = {isa = PBXFileReference; lastKnownFileType = folder.assetcatalog; path = Assets.xcassets; sourceTree = "<group>"; };
		E000D08A2466FB7500DD6173 /* Base */ = {isa = PBXFileReference; lastKnownFileType = file.storyboard; name = Base; path = Base.lproj/LaunchScreen.storyboard; sourceTree = "<group>"; };
		E000D08C2466FB7500DD6173 /* Info.plist */ = {isa = PBXFileReference; lastKnownFileType = text.plist.xml; path = Info.plist; sourceTree = "<group>"; };
		E000D0912466FB7500DD6173 /* example_tv_showsTests.xctest */ = {isa = PBXFileReference; explicitFileType = wrapper.cfbundle; includeInIndex = 0; path = example_tv_showsTests.xctest; sourceTree = BUILT_PRODUCTS_DIR; };
		E000D0952466FB7500DD6173 /* example_tv_showsTests.swift */ = {isa = PBXFileReference; lastKnownFileType = sourcecode.swift; path = example_tv_showsTests.swift; sourceTree = "<group>"; };
		E000D0972466FB7500DD6173 /* Info.plist */ = {isa = PBXFileReference; lastKnownFileType = text.plist.xml; path = Info.plist; sourceTree = "<group>"; };
		E000D09C2466FB7500DD6173 /* example_tv_showsUITests.xctest */ = {isa = PBXFileReference; explicitFileType = wrapper.cfbundle; includeInIndex = 0; path = example_tv_showsUITests.xctest; sourceTree = BUILT_PRODUCTS_DIR; };
		E000D0A02466FB7500DD6173 /* example_tv_showsUITests.swift */ = {isa = PBXFileReference; lastKnownFileType = sourcecode.swift; path = example_tv_showsUITests.swift; sourceTree = "<group>"; };
		E000D0A22466FB7500DD6173 /* Info.plist */ = {isa = PBXFileReference; lastKnownFileType = text.plist.xml; path = Info.plist; sourceTree = "<group>"; };
		E000D0B124671A8000DD6173 /* TvShowsListViewController.swift */ = {isa = PBXFileReference; lastKnownFileType = sourcecode.swift; path = TvShowsListViewController.swift; sourceTree = "<group>"; };
		E000D0B324671AC300DD6173 /* TvShowsListPresenter.swift */ = {isa = PBXFileReference; lastKnownFileType = sourcecode.swift; path = TvShowsListPresenter.swift; sourceTree = "<group>"; };
		E000D0B92467302100DD6173 /* TvShowsListProtocols.swift */ = {isa = PBXFileReference; lastKnownFileType = sourcecode.swift; path = TvShowsListProtocols.swift; sourceTree = "<group>"; };
		E000D0C0246764E600DD6173 /* TvShowsListRemoteDataManager.swift */ = {isa = PBXFileReference; lastKnownFileType = sourcecode.swift; path = TvShowsListRemoteDataManager.swift; sourceTree = "<group>"; };
		E000D0C22467672400DD6173 /* Endpoints.swift */ = {isa = PBXFileReference; lastKnownFileType = sourcecode.swift; path = Endpoints.swift; sourceTree = "<group>"; };
		E000D0C424676DB700DD6173 /* TvShow.swift */ = {isa = PBXFileReference; lastKnownFileType = sourcecode.swift; path = TvShow.swift; sourceTree = "<group>"; };
		E000D0C6246770B000DD6173 /* TvShowsResponse.swift */ = {isa = PBXFileReference; lastKnownFileType = sourcecode.swift; path = TvShowsResponse.swift; sourceTree = "<group>"; };
		E000D0C82467758600DD6173 /* TvShowsListWireFrame.swift */ = {isa = PBXFileReference; lastKnownFileType = sourcecode.swift; path = TvShowsListWireFrame.swift; sourceTree = "<group>"; };
		E000D0CA246783C800DD6173 /* BundleExtension.swift */ = {isa = PBXFileReference; lastKnownFileType = sourcecode.swift; path = BundleExtension.swift; sourceTree = "<group>"; };
/* End PBXFileReference section */

/* Begin PBXFrameworksBuildPhase section */
		E000D0782466FB7400DD6173 /* Frameworks */ = {
			isa = PBXFrameworksBuildPhase;
			buildActionMask = 2147483647;
			files = (
				A96CF692DF634DE8FB11A9B1 /* Pods_example_tv_shows.framework in Frameworks */,
			);
			runOnlyForDeploymentPostprocessing = 0;
		};
		E000D08E2466FB7500DD6173 /* Frameworks */ = {
			isa = PBXFrameworksBuildPhase;
			buildActionMask = 2147483647;
			files = (
				E5E21B1EC30259679D25535B /* Pods_example_tv_showsTests.framework in Frameworks */,
			);
			runOnlyForDeploymentPostprocessing = 0;
		};
		E000D0992466FB7500DD6173 /* Frameworks */ = {
			isa = PBXFrameworksBuildPhase;
			buildActionMask = 2147483647;
			files = (
				934C7F5D9FEE912D705C1EE8 /* Pods_example_tv_shows_example_tv_showsUITests.framework in Frameworks */,
			);
			runOnlyForDeploymentPostprocessing = 0;
		};
/* End PBXFrameworksBuildPhase section */

/* Begin PBXGroup section */
		98D29EA2BA7B7DEAB37FD930 /* Pods */ = {
			isa = PBXGroup;
			children = (
				481D2E2422826F45B33F5593 /* Pods-example_tv_shows.debug.xcconfig */,
				B6D4A25B6B2C4E9F1DDED8BC /* Pods-example_tv_shows.release.xcconfig */,
				51A11338F8C33DB6AFA7BEE0 /* Pods-example_tv_shows-example_tv_showsUITests.debug.xcconfig */,
				B084C792A1C7D1B3CA237172 /* Pods-example_tv_shows-example_tv_showsUITests.release.xcconfig */,
				DFFFC889E93B6F45DE0839CD /* Pods-example_tv_showsTests.debug.xcconfig */,
				AAC2E6E4C1987A49F7513450 /* Pods-example_tv_showsTests.release.xcconfig */,
			);
			path = Pods;
			sourceTree = "<group>";
		};
		E000D0722466FB7400DD6173 = {
			isa = PBXGroup;
			children = (
				E000D07D2466FB7400DD6173 /* example_tv_shows */,
				E000D0942466FB7500DD6173 /* example_tv_showsTests */,
				E000D09F2466FB7500DD6173 /* example_tv_showsUITests */,
				E000D07C2466FB7400DD6173 /* Products */,
				98D29EA2BA7B7DEAB37FD930 /* Pods */,
				FE3BE6AE8EF78C706EE45B06 /* Frameworks */,
			);
			sourceTree = "<group>";
		};
		E000D07C2466FB7400DD6173 /* Products */ = {
			isa = PBXGroup;
			children = (
				E000D07B2466FB7400DD6173 /* example_tv_shows.app */,
				E000D0912466FB7500DD6173 /* example_tv_showsTests.xctest */,
				E000D09C2466FB7500DD6173 /* example_tv_showsUITests.xctest */,
			);
			name = Products;
			sourceTree = "<group>";
		};
		E000D07D2466FB7400DD6173 /* example_tv_shows */ = {
			isa = PBXGroup;
			children = (
				E000D0AE2467186900DD6173 /* Settings */,
				E000D0BD2467330600DD6173 /* Services */,
				E000D0BF24674D9200DD6173 /* Models */,
				E000D0AF246719E400DD6173 /* Scenes */,
				E000D0BB2467326C00DD6173 /* Utils */,
				E000D0842466FB7400DD6173 /* Main.storyboard */,
				E000D0892466FB7500DD6173 /* LaunchScreen.storyboard */,
				E000D0872466FB7500DD6173 /* Assets.xcassets */,
				E000D08C2466FB7500DD6173 /* Info.plist */,
			);
			path = example_tv_shows;
			sourceTree = "<group>";
		};
		E000D0942466FB7500DD6173 /* example_tv_showsTests */ = {
			isa = PBXGroup;
			children = (
				E000D0952466FB7500DD6173 /* example_tv_showsTests.swift */,
				E000D0972466FB7500DD6173 /* Info.plist */,
			);
			path = example_tv_showsTests;
			sourceTree = "<group>";
		};
		E000D09F2466FB7500DD6173 /* example_tv_showsUITests */ = {
			isa = PBXGroup;
			children = (
				E000D0A02466FB7500DD6173 /* example_tv_showsUITests.swift */,
				E000D0A22466FB7500DD6173 /* Info.plist */,
			);
			path = example_tv_showsUITests;
			sourceTree = "<group>";
		};
		E000D0AE2467186900DD6173 /* Settings */ = {
			isa = PBXGroup;
			children = (
				E000D07E2466FB7400DD6173 /* AppDelegate.swift */,
			);
			path = Settings;
			sourceTree = "<group>";
		};
		E000D0AF246719E400DD6173 /* Scenes */ = {
			isa = PBXGroup;
			children = (
				E000D0B024671A0B00DD6173 /* TvShowsList */,
			);
			path = Scenes;
			sourceTree = "<group>";
		};
		E000D0B024671A0B00DD6173 /* TvShowsList */ = {
			isa = PBXGroup;
			children = (
				E000D0B92467302100DD6173 /* TvShowsListProtocols.swift */,
				E000D0B124671A8000DD6173 /* TvShowsListViewController.swift */,
				E000D0B324671AC300DD6173 /* TvShowsListPresenter.swift */,
				E000D0C0246764E600DD6173 /* TvShowsListRemoteDataManager.swift */,
				E000D0C82467758600DD6173 /* TvShowsListWireFrame.swift */,
			);
			path = TvShowsList;
			sourceTree = "<group>";
		};
		E000D0BB2467326C00DD6173 /* Utils */ = {
			isa = PBXGroup;
			children = (
				E000D0BC2467327B00DD6173 /* Extensions */,
			);
			path = Utils;
			sourceTree = "<group>";
		};
		E000D0BC2467327B00DD6173 /* Extensions */ = {
			isa = PBXGroup;
			children = (
				E000D0CA246783C800DD6173 /* BundleExtension.swift */,
			);
			path = Extensions;
			sourceTree = "<group>";
		};
		E000D0BD2467330600DD6173 /* Services */ = {
			isa = PBXGroup;
			children = (
				E000D0BE2467331200DD6173 /* Networking */,
			);
			path = Services;
			sourceTree = "<group>";
		};
		E000D0BE2467331200DD6173 /* Networking */ = {
			isa = PBXGroup;
			children = (
				E000D0C22467672400DD6173 /* Endpoints.swift */,
			);
			path = Networking;
			sourceTree = "<group>";
		};
		E000D0BF24674D9200DD6173 /* Models */ = {
			isa = PBXGroup;
			children = (
				E000D0C424676DB700DD6173 /* TvShow.swift */,
				E000D0C6246770B000DD6173 /* TvShowsResponse.swift */,
			);
			path = Models;
			sourceTree = "<group>";
		};
		FE3BE6AE8EF78C706EE45B06 /* Frameworks */ = {
			isa = PBXGroup;
			children = (
				5D259E6CE6B3BB9AC00FFCD5 /* Pods_example_tv_shows.framework */,
				0D0A01D1562CD13AAEAE20E4 /* Pods_example_tv_shows_example_tv_showsUITests.framework */,
				35F3B8B784B34E940E78285F /* Pods_example_tv_showsTests.framework */,
			);
			name = Frameworks;
			sourceTree = "<group>";
		};
/* End PBXGroup section */

/* Begin PBXNativeTarget section */
		E000D07A2466FB7400DD6173 /* example_tv_shows */ = {
			isa = PBXNativeTarget;
			buildConfigurationList = E000D0A52466FB7500DD6173 /* Build configuration list for PBXNativeTarget "example_tv_shows" */;
			buildPhases = (
				4C944B41608A925BEB13D087 /* [CP] Check Pods Manifest.lock */,
				E000D0772466FB7400DD6173 /* Sources */,
				E000D0782466FB7400DD6173 /* Frameworks */,
				E000D0792466FB7400DD6173 /* Resources */,
				D81CE0A51B0495AB474E3100 /* [CP] Embed Pods Frameworks */,
			);
			buildRules = (
			);
			dependencies = (
			);
			name = example_tv_shows;
			productName = example_tv_shows;
			productReference = E000D07B2466FB7400DD6173 /* example_tv_shows.app */;
			productType = "com.apple.product-type.application";
		};
		E000D0902466FB7500DD6173 /* example_tv_showsTests */ = {
			isa = PBXNativeTarget;
			buildConfigurationList = E000D0A82466FB7500DD6173 /* Build configuration list for PBXNativeTarget "example_tv_showsTests" */;
			buildPhases = (
				FA612EFC314321573D02BBD8 /* [CP] Check Pods Manifest.lock */,
				E000D08D2466FB7500DD6173 /* Sources */,
				E000D08E2466FB7500DD6173 /* Frameworks */,
				E000D08F2466FB7500DD6173 /* Resources */,
			);
			buildRules = (
			);
			dependencies = (
				E000D0932466FB7500DD6173 /* PBXTargetDependency */,
			);
			name = example_tv_showsTests;
			productName = example_tv_showsTests;
			productReference = E000D0912466FB7500DD6173 /* example_tv_showsTests.xctest */;
			productType = "com.apple.product-type.bundle.unit-test";
		};
		E000D09B2466FB7500DD6173 /* example_tv_showsUITests */ = {
			isa = PBXNativeTarget;
			buildConfigurationList = E000D0AB2466FB7500DD6173 /* Build configuration list for PBXNativeTarget "example_tv_showsUITests" */;
			buildPhases = (
				39BFAA43FE3A956AF81BCCA6 /* [CP] Check Pods Manifest.lock */,
				E000D0982466FB7500DD6173 /* Sources */,
				E000D0992466FB7500DD6173 /* Frameworks */,
				E000D09A2466FB7500DD6173 /* Resources */,
				0B44C66FEC719B67D3EB9C64 /* [CP] Embed Pods Frameworks */,
			);
			buildRules = (
			);
			dependencies = (
				E000D09E2466FB7500DD6173 /* PBXTargetDependency */,
			);
			name = example_tv_showsUITests;
			productName = example_tv_showsUITests;
			productReference = E000D09C2466FB7500DD6173 /* example_tv_showsUITests.xctest */;
			productType = "com.apple.product-type.bundle.ui-testing";
		};
/* End PBXNativeTarget section */

/* Begin PBXProject section */
		E000D0732466FB7400DD6173 /* Project object */ = {
			isa = PBXProject;
			attributes = {
				LastSwiftUpdateCheck = 1140;
				LastUpgradeCheck = 1140;
				ORGANIZATIONNAME = "Alberto Díaz Díaz";
				TargetAttributes = {
					E000D07A2466FB7400DD6173 = {
						CreatedOnToolsVersion = 11.4.1;
					};
					E000D0902466FB7500DD6173 = {
						CreatedOnToolsVersion = 11.4.1;
						TestTargetID = E000D07A2466FB7400DD6173;
					};
					E000D09B2466FB7500DD6173 = {
						CreatedOnToolsVersion = 11.4.1;
						TestTargetID = E000D07A2466FB7400DD6173;
					};
				};
			};
			buildConfigurationList = E000D0762466FB7400DD6173 /* Build configuration list for PBXProject "example_tv_shows" */;
			compatibilityVersion = "Xcode 9.3";
			developmentRegion = en;
			hasScannedForEncodings = 0;
			knownRegions = (
				en,
				Base,
			);
			mainGroup = E000D0722466FB7400DD6173;
			productRefGroup = E000D07C2466FB7400DD6173 /* Products */;
			projectDirPath = "";
			projectRoot = "";
			targets = (
				E000D07A2466FB7400DD6173 /* example_tv_shows */,
				E000D0902466FB7500DD6173 /* example_tv_showsTests */,
				E000D09B2466FB7500DD6173 /* example_tv_showsUITests */,
			);
		};
/* End PBXProject section */

/* Begin PBXResourcesBuildPhase section */
		E000D0792466FB7400DD6173 /* Resources */ = {
			isa = PBXResourcesBuildPhase;
			buildActionMask = 2147483647;
			files = (
				E000D08B2466FB7500DD6173 /* LaunchScreen.storyboard in Resources */,
				E000D0882466FB7500DD6173 /* Assets.xcassets in Resources */,
				E000D0862466FB7400DD6173 /* Main.storyboard in Resources */,
			);
			runOnlyForDeploymentPostprocessing = 0;
		};
		E000D08F2466FB7500DD6173 /* Resources */ = {
			isa = PBXResourcesBuildPhase;
			buildActionMask = 2147483647;
			files = (
			);
			runOnlyForDeploymentPostprocessing = 0;
		};
		E000D09A2466FB7500DD6173 /* Resources */ = {
			isa = PBXResourcesBuildPhase;
			buildActionMask = 2147483647;
			files = (
			);
			runOnlyForDeploymentPostprocessing = 0;
		};
/* End PBXResourcesBuildPhase section */

/* Begin PBXShellScriptBuildPhase section */
		0B44C66FEC719B67D3EB9C64 /* [CP] Embed Pods Frameworks */ = {
			isa = PBXShellScriptBuildPhase;
			buildActionMask = 2147483647;
			files = (
			);
			inputFileListPaths = (
				"${PODS_ROOT}/Target Support Files/Pods-example_tv_shows-example_tv_showsUITests/Pods-example_tv_shows-example_tv_showsUITests-frameworks-${CONFIGURATION}-input-files.xcfilelist",
			);
			name = "[CP] Embed Pods Frameworks";
			outputFileListPaths = (
				"${PODS_ROOT}/Target Support Files/Pods-example_tv_shows-example_tv_showsUITests/Pods-example_tv_shows-example_tv_showsUITests-frameworks-${CONFIGURATION}-output-files.xcfilelist",
			);
			runOnlyForDeploymentPostprocessing = 0;
			shellPath = /bin/sh;
			shellScript = "\"${PODS_ROOT}/Target Support Files/Pods-example_tv_shows-example_tv_showsUITests/Pods-example_tv_shows-example_tv_showsUITests-frameworks.sh\"\n";
			showEnvVarsInLog = 0;
		};
		39BFAA43FE3A956AF81BCCA6 /* [CP] Check Pods Manifest.lock */ = {
			isa = PBXShellScriptBuildPhase;
			buildActionMask = 2147483647;
			files = (
			);
			inputFileListPaths = (
			);
			inputPaths = (
				"${PODS_PODFILE_DIR_PATH}/Podfile.lock",
				"${PODS_ROOT}/Manifest.lock",
			);
			name = "[CP] Check Pods Manifest.lock";
			outputFileListPaths = (
			);
			outputPaths = (
				"$(DERIVED_FILE_DIR)/Pods-example_tv_shows-example_tv_showsUITests-checkManifestLockResult.txt",
			);
			runOnlyForDeploymentPostprocessing = 0;
			shellPath = /bin/sh;
			shellScript = "diff \"${PODS_PODFILE_DIR_PATH}/Podfile.lock\" \"${PODS_ROOT}/Manifest.lock\" > /dev/null\nif [ $? != 0 ] ; then\n    # print error to STDERR\n    echo \"error: The sandbox is not in sync with the Podfile.lock. Run 'pod install' or update your CocoaPods installation.\" >&2\n    exit 1\nfi\n# This output is used by Xcode 'outputs' to avoid re-running this script phase.\necho \"SUCCESS\" > \"${SCRIPT_OUTPUT_FILE_0}\"\n";
			showEnvVarsInLog = 0;
		};
		4C944B41608A925BEB13D087 /* [CP] Check Pods Manifest.lock */ = {
			isa = PBXShellScriptBuildPhase;
			buildActionMask = 2147483647;
			files = (
			);
			inputFileListPaths = (
			);
			inputPaths = (
				"${PODS_PODFILE_DIR_PATH}/Podfile.lock",
				"${PODS_ROOT}/Manifest.lock",
			);
			name = "[CP] Check Pods Manifest.lock";
			outputFileListPaths = (
			);
			outputPaths = (
				"$(DERIVED_FILE_DIR)/Pods-example_tv_shows-checkManifestLockResult.txt",
			);
			runOnlyForDeploymentPostprocessing = 0;
			shellPath = /bin/sh;
			shellScript = "diff \"${PODS_PODFILE_DIR_PATH}/Podfile.lock\" \"${PODS_ROOT}/Manifest.lock\" > /dev/null\nif [ $? != 0 ] ; then\n    # print error to STDERR\n    echo \"error: The sandbox is not in sync with the Podfile.lock. Run 'pod install' or update your CocoaPods installation.\" >&2\n    exit 1\nfi\n# This output is used by Xcode 'outputs' to avoid re-running this script phase.\necho \"SUCCESS\" > \"${SCRIPT_OUTPUT_FILE_0}\"\n";
			showEnvVarsInLog = 0;
		};
		D81CE0A51B0495AB474E3100 /* [CP] Embed Pods Frameworks */ = {
			isa = PBXShellScriptBuildPhase;
			buildActionMask = 2147483647;
			files = (
			);
			inputFileListPaths = (
				"${PODS_ROOT}/Target Support Files/Pods-example_tv_shows/Pods-example_tv_shows-frameworks-${CONFIGURATION}-input-files.xcfilelist",
			);
			name = "[CP] Embed Pods Frameworks";
			outputFileListPaths = (
				"${PODS_ROOT}/Target Support Files/Pods-example_tv_shows/Pods-example_tv_shows-frameworks-${CONFIGURATION}-output-files.xcfilelist",
			);
			runOnlyForDeploymentPostprocessing = 0;
			shellPath = /bin/sh;
			shellScript = "\"${PODS_ROOT}/Target Support Files/Pods-example_tv_shows/Pods-example_tv_shows-frameworks.sh\"\n";
			showEnvVarsInLog = 0;
		};
		FA612EFC314321573D02BBD8 /* [CP] Check Pods Manifest.lock */ = {
			isa = PBXShellScriptBuildPhase;
			buildActionMask = 2147483647;
			files = (
			);
			inputFileListPaths = (
			);
			inputPaths = (
				"${PODS_PODFILE_DIR_PATH}/Podfile.lock",
				"${PODS_ROOT}/Manifest.lock",
			);
			name = "[CP] Check Pods Manifest.lock";
			outputFileListPaths = (
			);
			outputPaths = (
				"$(DERIVED_FILE_DIR)/Pods-example_tv_showsTests-checkManifestLockResult.txt",
			);
			runOnlyForDeploymentPostprocessing = 0;
			shellPath = /bin/sh;
			shellScript = "diff \"${PODS_PODFILE_DIR_PATH}/Podfile.lock\" \"${PODS_ROOT}/Manifest.lock\" > /dev/null\nif [ $? != 0 ] ; then\n    # print error to STDERR\n    echo \"error: The sandbox is not in sync with the Podfile.lock. Run 'pod install' or update your CocoaPods installation.\" >&2\n    exit 1\nfi\n# This output is used by Xcode 'outputs' to avoid re-running this script phase.\necho \"SUCCESS\" > \"${SCRIPT_OUTPUT_FILE_0}\"\n";
			showEnvVarsInLog = 0;
		};
/* End PBXShellScriptBuildPhase section */

/* Begin PBXSourcesBuildPhase section */
		E000D0772466FB7400DD6173 /* Sources */ = {
			isa = PBXSourcesBuildPhase;
			buildActionMask = 2147483647;
			files = (
				E000D0C92467758600DD6173 /* TvShowsListWireFrame.swift in Sources */,
				E000D0C524676DB700DD6173 /* TvShow.swift in Sources */,
				E000D0C1246764E600DD6173 /* TvShowsListRemoteDataManager.swift in Sources */,
				E000D0BA2467302100DD6173 /* TvShowsListProtocols.swift in Sources */,
				E000D07F2466FB7400DD6173 /* AppDelegate.swift in Sources */,
				E000D0CB246783C800DD6173 /* BundleExtension.swift in Sources */,
				E000D0B424671AC300DD6173 /* TvShowsListPresenter.swift in Sources */,
				E000D0C32467672400DD6173 /* Endpoints.swift in Sources */,
				E000D0C7246770B000DD6173 /* TvShowsResponse.swift in Sources */,
				E000D0B224671A8000DD6173 /* TvShowsListViewController.swift in Sources */,
			);
			runOnlyForDeploymentPostprocessing = 0;
		};
		E000D08D2466FB7500DD6173 /* Sources */ = {
			isa = PBXSourcesBuildPhase;
			buildActionMask = 2147483647;
			files = (
				E000D0962466FB7500DD6173 /* example_tv_showsTests.swift in Sources */,
			);
			runOnlyForDeploymentPostprocessing = 0;
		};
		E000D0982466FB7500DD6173 /* Sources */ = {
			isa = PBXSourcesBuildPhase;
			buildActionMask = 2147483647;
			files = (
				E000D0A12466FB7500DD6173 /* example_tv_showsUITests.swift in Sources */,
			);
			runOnlyForDeploymentPostprocessing = 0;
		};
/* End PBXSourcesBuildPhase section */

/* Begin PBXTargetDependency section */
		E000D0932466FB7500DD6173 /* PBXTargetDependency */ = {
			isa = PBXTargetDependency;
			target = E000D07A2466FB7400DD6173 /* example_tv_shows */;
			targetProxy = E000D0922466FB7500DD6173 /* PBXContainerItemProxy */;
		};
		E000D09E2466FB7500DD6173 /* PBXTargetDependency */ = {
			isa = PBXTargetDependency;
			target = E000D07A2466FB7400DD6173 /* example_tv_shows */;
			targetProxy = E000D09D2466FB7500DD6173 /* PBXContainerItemProxy */;
		};
/* End PBXTargetDependency section */

/* Begin PBXVariantGroup section */
		E000D0842466FB7400DD6173 /* Main.storyboard */ = {
			isa = PBXVariantGroup;
			children = (
				E000D0852466FB7400DD6173 /* Base */,
			);
			name = Main.storyboard;
			sourceTree = "<group>";
		};
		E000D0892466FB7500DD6173 /* LaunchScreen.storyboard */ = {
			isa = PBXVariantGroup;
			children = (
				E000D08A2466FB7500DD6173 /* Base */,
			);
			name = LaunchScreen.storyboard;
			sourceTree = "<group>";
		};
/* End PBXVariantGroup section */

/* Begin XCBuildConfiguration section */
		E000D0A32466FB7500DD6173 /* Debug */ = {
			isa = XCBuildConfiguration;
			buildSettings = {
				ALWAYS_SEARCH_USER_PATHS = NO;
				CLANG_ANALYZER_NONNULL = YES;
				CLANG_ANALYZER_NUMBER_OBJECT_CONVERSION = YES_AGGRESSIVE;
				CLANG_CXX_LANGUAGE_STANDARD = "gnu++14";
				CLANG_CXX_LIBRARY = "libc++";
				CLANG_ENABLE_MODULES = YES;
				CLANG_ENABLE_OBJC_ARC = YES;
				CLANG_ENABLE_OBJC_WEAK = YES;
				CLANG_WARN_BLOCK_CAPTURE_AUTORELEASING = YES;
				CLANG_WARN_BOOL_CONVERSION = YES;
				CLANG_WARN_COMMA = YES;
				CLANG_WARN_CONSTANT_CONVERSION = YES;
				CLANG_WARN_DEPRECATED_OBJC_IMPLEMENTATIONS = YES;
				CLANG_WARN_DIRECT_OBJC_ISA_USAGE = YES_ERROR;
				CLANG_WARN_DOCUMENTATION_COMMENTS = YES;
				CLANG_WARN_EMPTY_BODY = YES;
				CLANG_WARN_ENUM_CONVERSION = YES;
				CLANG_WARN_INFINITE_RECURSION = YES;
				CLANG_WARN_INT_CONVERSION = YES;
				CLANG_WARN_NON_LITERAL_NULL_CONVERSION = YES;
				CLANG_WARN_OBJC_IMPLICIT_RETAIN_SELF = YES;
				CLANG_WARN_OBJC_LITERAL_CONVERSION = YES;
				CLANG_WARN_OBJC_ROOT_CLASS = YES_ERROR;
				CLANG_WARN_RANGE_LOOP_ANALYSIS = YES;
				CLANG_WARN_STRICT_PROTOTYPES = YES;
				CLANG_WARN_SUSPICIOUS_MOVE = YES;
				CLANG_WARN_UNGUARDED_AVAILABILITY = YES_AGGRESSIVE;
				CLANG_WARN_UNREACHABLE_CODE = YES;
				CLANG_WARN__DUPLICATE_METHOD_MATCH = YES;
				COPY_PHASE_STRIP = NO;
				DEBUG_INFORMATION_FORMAT = dwarf;
				ENABLE_STRICT_OBJC_MSGSEND = YES;
				ENABLE_TESTABILITY = YES;
				GCC_C_LANGUAGE_STANDARD = gnu11;
				GCC_DYNAMIC_NO_PIC = NO;
				GCC_NO_COMMON_BLOCKS = YES;
				GCC_OPTIMIZATION_LEVEL = 0;
				GCC_PREPROCESSOR_DEFINITIONS = (
					"DEBUG=1",
					"$(inherited)",
				);
				GCC_WARN_64_TO_32_BIT_CONVERSION = YES;
				GCC_WARN_ABOUT_RETURN_TYPE = YES_ERROR;
				GCC_WARN_UNDECLARED_SELECTOR = YES;
				GCC_WARN_UNINITIALIZED_AUTOS = YES_AGGRESSIVE;
				GCC_WARN_UNUSED_FUNCTION = YES;
				GCC_WARN_UNUSED_VARIABLE = YES;
				IPHONEOS_DEPLOYMENT_TARGET = 13.4;
				MTL_ENABLE_DEBUG_INFO = INCLUDE_SOURCE;
				MTL_FAST_MATH = YES;
				ONLY_ACTIVE_ARCH = YES;
				SDKROOT = iphoneos;
				SWIFT_ACTIVE_COMPILATION_CONDITIONS = DEBUG;
				SWIFT_OPTIMIZATION_LEVEL = "-Onone";
			};
			name = Debug;
		};
		E000D0A42466FB7500DD6173 /* Release */ = {
			isa = XCBuildConfiguration;
			buildSettings = {
				ALWAYS_SEARCH_USER_PATHS = NO;
				CLANG_ANALYZER_NONNULL = YES;
				CLANG_ANALYZER_NUMBER_OBJECT_CONVERSION = YES_AGGRESSIVE;
				CLANG_CXX_LANGUAGE_STANDARD = "gnu++14";
				CLANG_CXX_LIBRARY = "libc++";
				CLANG_ENABLE_MODULES = YES;
				CLANG_ENABLE_OBJC_ARC = YES;
				CLANG_ENABLE_OBJC_WEAK = YES;
				CLANG_WARN_BLOCK_CAPTURE_AUTORELEASING = YES;
				CLANG_WARN_BOOL_CONVERSION = YES;
				CLANG_WARN_COMMA = YES;
				CLANG_WARN_CONSTANT_CONVERSION = YES;
				CLANG_WARN_DEPRECATED_OBJC_IMPLEMENTATIONS = YES;
				CLANG_WARN_DIRECT_OBJC_ISA_USAGE = YES_ERROR;
				CLANG_WARN_DOCUMENTATION_COMMENTS = YES;
				CLANG_WARN_EMPTY_BODY = YES;
				CLANG_WARN_ENUM_CONVERSION = YES;
				CLANG_WARN_INFINITE_RECURSION = YES;
				CLANG_WARN_INT_CONVERSION = YES;
				CLANG_WARN_NON_LITERAL_NULL_CONVERSION = YES;
				CLANG_WARN_OBJC_IMPLICIT_RETAIN_SELF = YES;
				CLANG_WARN_OBJC_LITERAL_CONVERSION = YES;
				CLANG_WARN_OBJC_ROOT_CLASS = YES_ERROR;
				CLANG_WARN_RANGE_LOOP_ANALYSIS = YES;
				CLANG_WARN_STRICT_PROTOTYPES = YES;
				CLANG_WARN_SUSPICIOUS_MOVE = YES;
				CLANG_WARN_UNGUARDED_AVAILABILITY = YES_AGGRESSIVE;
				CLANG_WARN_UNREACHABLE_CODE = YES;
				CLANG_WARN__DUPLICATE_METHOD_MATCH = YES;
				COPY_PHASE_STRIP = NO;
				DEBUG_INFORMATION_FORMAT = "dwarf-with-dsym";
				ENABLE_NS_ASSERTIONS = NO;
				ENABLE_STRICT_OBJC_MSGSEND = YES;
				GCC_C_LANGUAGE_STANDARD = gnu11;
				GCC_NO_COMMON_BLOCKS = YES;
				GCC_WARN_64_TO_32_BIT_CONVERSION = YES;
				GCC_WARN_ABOUT_RETURN_TYPE = YES_ERROR;
				GCC_WARN_UNDECLARED_SELECTOR = YES;
				GCC_WARN_UNINITIALIZED_AUTOS = YES_AGGRESSIVE;
				GCC_WARN_UNUSED_FUNCTION = YES;
				GCC_WARN_UNUSED_VARIABLE = YES;
				IPHONEOS_DEPLOYMENT_TARGET = 13.4;
				MTL_ENABLE_DEBUG_INFO = NO;
				MTL_FAST_MATH = YES;
				SDKROOT = iphoneos;
				SWIFT_COMPILATION_MODE = wholemodule;
				SWIFT_OPTIMIZATION_LEVEL = "-O";
				VALIDATE_PRODUCT = YES;
			};
			name = Release;
		};
		E000D0A62466FB7500DD6173 /* Debug */ = {
			isa = XCBuildConfiguration;
			baseConfigurationReference = 481D2E2422826F45B33F5593 /* Pods-example_tv_shows.debug.xcconfig */;
			buildSettings = {
				ASSETCATALOG_COMPILER_APPICON_NAME = AppIcon;
				CODE_SIGN_STYLE = Automatic;
				INFOPLIST_FILE = example_tv_shows/Info.plist;
				LD_RUNPATH_SEARCH_PATHS = (
					"$(inherited)",
					"@executable_path/Frameworks",
				);
				PRODUCT_BUNDLE_IDENTIFIER = "com.adiazdiaz.example-tv-shows";
				PRODUCT_NAME = "$(TARGET_NAME)";
				SWIFT_VERSION = 5.0;
				TARGETED_DEVICE_FAMILY = "1,2";
			};
			name = Debug;
		};
		E000D0A72466FB7500DD6173 /* Release */ = {
			isa = XCBuildConfiguration;
			baseConfigurationReference = B6D4A25B6B2C4E9F1DDED8BC /* Pods-example_tv_shows.release.xcconfig */;
			buildSettings = {
				ASSETCATALOG_COMPILER_APPICON_NAME = AppIcon;
				CODE_SIGN_STYLE = Automatic;
				INFOPLIST_FILE = example_tv_shows/Info.plist;
				LD_RUNPATH_SEARCH_PATHS = (
					"$(inherited)",
					"@executable_path/Frameworks",
				);
				PRODUCT_BUNDLE_IDENTIFIER = "com.adiazdiaz.example-tv-shows";
				PRODUCT_NAME = "$(TARGET_NAME)";
				SWIFT_VERSION = 5.0;
				TARGETED_DEVICE_FAMILY = "1,2";
			};
			name = Release;
		};
		E000D0A92466FB7500DD6173 /* Debug */ = {
			isa = XCBuildConfiguration;
			baseConfigurationReference = DFFFC889E93B6F45DE0839CD /* Pods-example_tv_showsTests.debug.xcconfig */;
			buildSettings = {
				ALWAYS_EMBED_SWIFT_STANDARD_LIBRARIES = YES;
				BUNDLE_LOADER = "$(TEST_HOST)";
				CODE_SIGN_STYLE = Automatic;
				INFOPLIST_FILE = example_tv_showsTests/Info.plist;
				IPHONEOS_DEPLOYMENT_TARGET = 13.4;
				LD_RUNPATH_SEARCH_PATHS = (
					"$(inherited)",
					"@executable_path/Frameworks",
					"@loader_path/Frameworks",
				);
				PRODUCT_BUNDLE_IDENTIFIER = "com.adiazdiaz.example-tv-showsTests";
				PRODUCT_NAME = "$(TARGET_NAME)";
				SWIFT_VERSION = 5.0;
				TARGETED_DEVICE_FAMILY = "1,2";
				TEST_HOST = "$(BUILT_PRODUCTS_DIR)/example_tv_shows.app/example_tv_shows";
			};
			name = Debug;
		};
		E000D0AA2466FB7500DD6173 /* Release */ = {
			isa = XCBuildConfiguration;
			baseConfigurationReference = AAC2E6E4C1987A49F7513450 /* Pods-example_tv_showsTests.release.xcconfig */;
			buildSettings = {
				ALWAYS_EMBED_SWIFT_STANDARD_LIBRARIES = YES;
				BUNDLE_LOADER = "$(TEST_HOST)";
				CODE_SIGN_STYLE = Automatic;
				INFOPLIST_FILE = example_tv_showsTests/Info.plist;
				IPHONEOS_DEPLOYMENT_TARGET = 13.4;
				LD_RUNPATH_SEARCH_PATHS = (
					"$(inherited)",
					"@executable_path/Frameworks",
					"@loader_path/Frameworks",
				);
				PRODUCT_BUNDLE_IDENTIFIER = "com.adiazdiaz.example-tv-showsTests";
				PRODUCT_NAME = "$(TARGET_NAME)";
				SWIFT_VERSION = 5.0;
				TARGETED_DEVICE_FAMILY = "1,2";
				TEST_HOST = "$(BUILT_PRODUCTS_DIR)/example_tv_shows.app/example_tv_shows";
			};
			name = Release;
		};
		E000D0AC2466FB7500DD6173 /* Debug */ = {
			isa = XCBuildConfiguration;
			baseConfigurationReference = 51A11338F8C33DB6AFA7BEE0 /* Pods-example_tv_shows-example_tv_showsUITests.debug.xcconfig */;
			buildSettings = {
				ALWAYS_EMBED_SWIFT_STANDARD_LIBRARIES = YES;
				CODE_SIGN_STYLE = Automatic;
				INFOPLIST_FILE = example_tv_showsUITests/Info.plist;
				LD_RUNPATH_SEARCH_PATHS = (
					"$(inherited)",
					"@executable_path/Frameworks",
					"@loader_path/Frameworks",
				);
				PRODUCT_BUNDLE_IDENTIFIER = "com.adiazdiaz.example-tv-showsUITests";
				PRODUCT_NAME = "$(TARGET_NAME)";
				SWIFT_VERSION = 5.0;
				TARGETED_DEVICE_FAMILY = "1,2";
				TEST_TARGET_NAME = example_tv_shows;
			};
			name = Debug;
		};
		E000D0AD2466FB7500DD6173 /* Release */ = {
			isa = XCBuildConfiguration;
			baseConfigurationReference = B084C792A1C7D1B3CA237172 /* Pods-example_tv_shows-example_tv_showsUITests.release.xcconfig */;
			buildSettings = {
				ALWAYS_EMBED_SWIFT_STANDARD_LIBRARIES = YES;
				CODE_SIGN_STYLE = Automatic;
				INFOPLIST_FILE = example_tv_showsUITests/Info.plist;
				LD_RUNPATH_SEARCH_PATHS = (
					"$(inherited)",
					"@executable_path/Frameworks",
					"@loader_path/Frameworks",
				);
				PRODUCT_BUNDLE_IDENTIFIER = "com.adiazdiaz.example-tv-showsUITests";
				PRODUCT_NAME = "$(TARGET_NAME)";
				SWIFT_VERSION = 5.0;
				TARGETED_DEVICE_FAMILY = "1,2";
				TEST_TARGET_NAME = example_tv_shows;
			};
			name = Release;
		};
/* End XCBuildConfiguration section */

/* Begin XCConfigurationList section */
		E000D0762466FB7400DD6173 /* Build configuration list for PBXProject "example_tv_shows" */ = {
			isa = XCConfigurationList;
			buildConfigurations = (
				E000D0A32466FB7500DD6173 /* Debug */,
				E000D0A42466FB7500DD6173 /* Release */,
			);
			defaultConfigurationIsVisible = 0;
			defaultConfigurationName = Release;
		};
		E000D0A52466FB7500DD6173 /* Build configuration list for PBXNativeTarget "example_tv_shows" */ = {
			isa = XCConfigurationList;
			buildConfigurations = (
				E000D0A62466FB7500DD6173 /* Debug */,
				E000D0A72466FB7500DD6173 /* Release */,
			);
			defaultConfigurationIsVisible = 0;
			defaultConfigurationName = Release;
		};
		E000D0A82466FB7500DD6173 /* Build configuration list for PBXNativeTarget "example_tv_showsTests" */ = {
			isa = XCConfigurationList;
			buildConfigurations = (
				E000D0A92466FB7500DD6173 /* Debug */,
				E000D0AA2466FB7500DD6173 /* Release */,
			);
			defaultConfigurationIsVisible = 0;
			defaultConfigurationName = Release;
		};
		E000D0AB2466FB7500DD6173 /* Build configuration list for PBXNativeTarget "example_tv_showsUITests" */ = {
			isa = XCConfigurationList;
			buildConfigurations = (
				E000D0AC2466FB7500DD6173 /* Debug */,
				E000D0AD2466FB7500DD6173 /* Release */,
			);
			defaultConfigurationIsVisible = 0;
			defaultConfigurationName = Release;
		};
/* End XCConfigurationList section */
	};
	rootObject = E000D0732466FB7400DD6173 /* Project object */;
}
